{
  "version": 4,
  "terraform_version": "0.14.9",
  "serial": 63,
  "lineage": "189130f3-07b9-d8f4-fd32-f9f6456590a9",
  "outputs": {
    "account_id_output": {
      "value": "158837439368",
      "type": "string"
    },
    "base_url": {
      "value": "https://tkv18ta9wb.execute-api.us-east-1.amazonaws.com/Prod/dynamoTable",
      "type": "string"
    }
  },
  "resources": [
    {
      "mode": "data",
      "type": "aws_caller_identity",
      "name": "current",
      "provider": "provider[\"registry.terraform.io/hashicorp/aws\"]",
      "instances": [
        {
          "schema_version": 0,
          "attributes": {
            "account_id": "158837439368",
            "arn": "arn:aws:iam::158837439368:user/tf_admin",
            "id": "158837439368",
            "user_id": "AIDASJ63S7OEGPZEX62GI"
          },
          "sensitive_attributes": []
        }
      ]
    },
    {
      "mode": "data",
      "type": "aws_region",
      "name": "current",
      "provider": "provider[\"registry.terraform.io/hashicorp/aws\"]",
      "instances": [
        {
          "schema_version": 0,
          "attributes": {
            "description": "US East (N. Virginia)",
            "endpoint": "ec2.us-east-1.amazonaws.com",
            "id": "us-east-1",
            "name": "us-east-1"
          },
          "sensitive_attributes": []
        }
      ]
    },
    {
      "mode": "managed",
      "type": "aws_api_gateway_deployment",
      "name": "apideploy",
      "provider": "provider[\"registry.terraform.io/hashicorp/aws\"]",
      "instances": [
        {
          "schema_version": 0,
          "attributes": {
            "created_date": "2021-04-05T19:06:07Z",
            "description": "",
            "execution_arn": "arn:aws:execute-api:us-east-1:158837439368:tkv18ta9wb/Prod",
            "id": "mu5f3u",
            "invoke_url": "https://tkv18ta9wb.execute-api.us-east-1.amazonaws.com/Prod",
            "rest_api_id": "tkv18ta9wb",
            "stage_description": null,
            "stage_name": "Prod",
            "triggers": null,
            "variables": null
          },
          "sensitive_attributes": [],
          "private": "bnVsbA==",
          "dependencies": [
            "aws_api_gateway_integration.dynamoPutItem",
            "aws_api_gateway_method.Method",
            "aws_api_gateway_resource.Resource",
            "aws_api_gateway_rest_api.SpaceliftEventsAPI",
            "aws_iam_role.role_for_APIG",
            "data.aws_region.current"
          ]
        }
      ]
    },
    {
      "mode": "managed",
      "type": "aws_api_gateway_integration",
      "name": "dynamoPutItem",
      "provider": "provider[\"registry.terraform.io/hashicorp/aws\"]",
      "instances": [
        {
          "schema_version": 0,
          "attributes": {
            "cache_key_parameters": null,
            "cache_namespace": "5mbegm",
            "connection_id": "",
            "connection_type": "INTERNET",
            "content_handling": "",
            "credentials": "arn:aws:iam::158837439368:role/myrole",
            "http_method": "POST",
            "id": "agi-tkv18ta9wb-5mbegm-POST",
            "integration_http_method": "POST",
            "passthrough_behavior": "WHEN_NO_MATCH",
            "request_parameters": null,
            "request_templates": {
              "application/json": "{\n    \"TableName\": \"myDB\",\n        \"Item\":{\n        \"eventID\": {\n                \"S\": \"$context.requestTime\"\n                },\n            \"account\": {\n                \"S\": \"$input.path('$.account')\"\n                },\n            \"state\": {\n                \"S\": \"$input.path('$.state')\"\n                },\n            \"stateVersion\": {\n                \"S\": \"$input.path('$.stateVersion')\"\n                },\n            \"timestamp\": {\n                \"S\": \"$input.path('$.timestamp')\"\n                },\n            \"runID\": {\n                \"S\": \"$input.path('$.run.id')\"\n                },\n            \"runBranch\": {\n                \"S\": \"$input.path('$.run.branch')\"\n                },\n            \"runAuthorLogin\": {\n                \"S\": \"$input.path('$.run.commit.authorLogin')\"\n                },\n            \"runAuthorName\": {\n                \"S\": \"$input.path('$.run.commit.authorName')\"\n                },\n            \"commitHash\": {\n                \"S\": \"$input.path('$.run.commit.hash')\"\n                },\n            \"commitMessage\": {\n                \"S\": \"$input.path('$.run.commit.message')\"\n                },\n            \"commitTimestamp\": {\n                \"S\": \"$input.path('$.run.commit.timestamp')\"\n                },\n            \"commitUrl\": {\n                \"S\": \"$input.path('$.run.commit.url')\"\n                },\n            \"createdAt\": {\n                \"S\": \"$input.path('$.run.createdAt')\"\n                },\n            \"deltaAdded\": {\n                \"S\": \"$input.path('$.run.delta.added')\"\n                },\n            \"deltaChanged\": {\n                \"S\": \"$input.path('$.run.delta.changed')\"\n                },\n            \"deltaDeleted\": {\n                \"S\": \"$input.path('$.run.delta.deleted')\"\n                },\n            \"deltaResources\": {\n                \"S\": \"$input.path('$.run.delta.resources')\"\n                },\n            \"triggeredBy\": {\n                \"S\": \"$input.path('$.run.triggeredBy')\"\n                },\n            \"runType\": {\n                \"S\": \"$input.path('$.run.type')\"\n                },\n            \"stackID\": {\n                \"S\": \"$input.path('$.stack.id')\"\n                },\n            \"stackName\": {\n                \"S\": \"$input.path('$.stack.name')\"\n                },\n            \"stackDescription\": {\n                \"S\": \"$input.path('$.stack.description')\"\n                }\n    }\n}\n"
            },
            "resource_id": "5mbegm",
            "rest_api_id": "tkv18ta9wb",
            "timeout_milliseconds": 29000,
            "tls_config": [],
            "type": "AWS",
            "uri": "arn:aws:apigateway:us-east-1:dynamodb:action/PutItem"
          },
          "sensitive_attributes": [],
          "private": "bnVsbA==",
          "dependencies": [
            "aws_api_gateway_method.Method",
            "aws_api_gateway_resource.Resource",
            "aws_api_gateway_rest_api.SpaceliftEventsAPI",
            "aws_iam_role.role_for_APIG",
            "data.aws_region.current"
          ]
        }
      ]
    },
    {
      "mode": "managed",
      "type": "aws_api_gateway_integration_response",
      "name": "MyDemoIntegrationResponse",
      "provider": "provider[\"registry.terraform.io/hashicorp/aws\"]",
      "instances": [
        {
          "schema_version": 0,
          "attributes": {
            "content_handling": "",
            "http_method": "POST",
            "id": "agir-tkv18ta9wb-5mbegm-POST-200",
            "resource_id": "5mbegm",
            "response_parameters": null,
            "response_templates": null,
            "rest_api_id": "tkv18ta9wb",
            "selection_pattern": "",
            "status_code": "200"
          },
          "sensitive_attributes": [],
          "private": "bnVsbA==",
          "dependencies": [
            "aws_api_gateway_method.Method",
            "aws_api_gateway_method_response.response_200",
            "aws_api_gateway_resource.Resource",
            "aws_api_gateway_rest_api.SpaceliftEventsAPI"
          ]
        }
      ]
    },
    {
      "mode": "managed",
      "type": "aws_api_gateway_method",
      "name": "Method",
      "provider": "provider[\"registry.terraform.io/hashicorp/aws\"]",
      "instances": [
        {
          "schema_version": 0,
          "attributes": {
            "api_key_required": false,
            "authorization": "NONE",
            "authorization_scopes": null,
            "authorizer_id": null,
            "http_method": "POST",
            "id": "agm-tkv18ta9wb-5mbegm-POST",
            "operation_name": null,
            "request_models": null,
            "request_parameters": null,
            "request_validator_id": null,
            "resource_id": "5mbegm",
            "rest_api_id": "tkv18ta9wb"
          },
          "sensitive_attributes": [],
          "private": "bnVsbA==",
          "dependencies": [
            "aws_api_gateway_resource.Resource",
            "aws_api_gateway_rest_api.SpaceliftEventsAPI"
          ]
        }
      ]
    },
    {
      "mode": "managed",
      "type": "aws_api_gateway_method_response",
      "name": "response_200",
      "provider": "provider[\"registry.terraform.io/hashicorp/aws\"]",
      "instances": [
        {
          "schema_version": 0,
          "attributes": {
            "http_method": "POST",
            "id": "agmr-tkv18ta9wb-5mbegm-POST-200",
            "resource_id": "5mbegm",
            "response_models": {
              "application/json": "Empty"
            },
            "response_parameters": null,
            "rest_api_id": "tkv18ta9wb",
            "status_code": "200"
          },
          "sensitive_attributes": [],
          "private": "bnVsbA==",
          "dependencies": [
            "aws_api_gateway_method.Method",
            "aws_api_gateway_resource.Resource",
            "aws_api_gateway_rest_api.SpaceliftEventsAPI"
          ]
        }
      ]
    },
    {
      "mode": "managed",
      "type": "aws_api_gateway_resource",
      "name": "Resource",
      "provider": "provider[\"registry.terraform.io/hashicorp/aws\"]",
      "instances": [
        {
          "schema_version": 0,
          "attributes": {
            "id": "5mbegm",
            "parent_id": "trxirrgio6",
            "path": "/dynamoTable",
            "path_part": "dynamoTable",
            "rest_api_id": "tkv18ta9wb"
          },
          "sensitive_attributes": [],
          "private": "bnVsbA==",
          "dependencies": [
            "aws_api_gateway_rest_api.SpaceliftEventsAPI"
          ]
        }
      ]
    },
    {
      "mode": "managed",
      "type": "aws_api_gateway_rest_api",
      "name": "SpaceliftEventsAPI",
      "provider": "provider[\"registry.terraform.io/hashicorp/aws\"]",
      "instances": [
        {
          "schema_version": 0,
          "attributes": {
            "api_key_source": "HEADER",
            "arn": "arn:aws:apigateway:us-east-1::/restapis/tkv18ta9wb",
            "binary_media_types": [],
            "body": null,
            "created_date": "2021-04-05T19:06:06Z",
            "description": "",
            "disable_execute_api_endpoint": false,
            "endpoint_configuration": [
              {
                "types": [
                  "EDGE"
                ],
                "vpc_endpoint_ids": []
              }
            ],
            "execution_arn": "arn:aws:execute-api:us-east-1:158837439368:tkv18ta9wb",
            "id": "tkv18ta9wb",
            "minimum_compression_size": -1,
            "name": "SpaceliftEventsAPI",
            "parameters": null,
            "policy": "",
            "root_resource_id": "trxirrgio6",
            "tags": null
          },
          "sensitive_attributes": [],
          "private": "bnVsbA=="
        }
      ]
    },
    {
      "mode": "managed",
      "type": "aws_dynamodb_table",
      "name": "ddbtable",
      "provider": "provider[\"registry.terraform.io/hashicorp/aws\"]",
      "instances": [
        {
          "schema_version": 1,
          "attributes": {
            "arn": "arn:aws:dynamodb:us-east-1:158837439368:table/myDB",
            "attribute": [
              {
                "name": "eventID",
                "type": "S"
              }
            ],
            "billing_mode": "PROVISIONED",
            "global_secondary_index": [],
            "hash_key": "eventID",
            "id": "myDB",
            "local_secondary_index": [],
            "name": "myDB",
            "point_in_time_recovery": [
              {
                "enabled": false
              }
            ],
            "range_key": null,
            "read_capacity": 5,
            "replica": [],
            "server_side_encryption": [],
            "stream_arn": "",
            "stream_enabled": false,
            "stream_label": "",
            "stream_view_type": "",
            "tags": null,
            "timeouts": null,
            "ttl": [
              {
                "attribute_name": "",
                "enabled": false
              }
            ],
            "write_capacity": 5
          },
          "sensitive_attributes": [],
          "private": "eyJlMmJmYjczMC1lY2FhLTExZTYtOGY4OC0zNDM2M2JjN2M0YzAiOnsiY3JlYXRlIjo2MDAwMDAwMDAwMDAsImRlbGV0ZSI6NjAwMDAwMDAwMDAwLCJ1cGRhdGUiOjM2MDAwMDAwMDAwMDB9LCJzY2hlbWFfdmVyc2lvbiI6IjEifQ=="
        }
      ]
    },
    {
      "mode": "managed",
      "type": "aws_iam_role",
      "name": "role_for_APIG",
      "provider": "provider[\"registry.terraform.io/hashicorp/aws\"]",
      "instances": [
        {
          "schema_version": 0,
          "attributes": {
            "arn": "arn:aws:iam::158837439368:role/myrole",
            "assume_role_policy": "{\"Version\":\"2012-10-17\",\"Statement\":[{\"Effect\":\"Allow\",\"Principal\":{\"Service\":\"apigateway.amazonaws.com\"},\"Action\":\"sts:AssumeRole\"}]}",
            "create_date": "2021-04-05T19:06:06Z",
            "description": "",
            "force_detach_policies": false,
            "id": "myrole",
            "inline_policy": [
              {
                "name": "",
                "policy": ""
              }
            ],
            "managed_policy_arns": [],
            "max_session_duration": 3600,
            "name": "myrole",
            "name_prefix": null,
            "path": "/",
            "permissions_boundary": null,
            "tags": null,
            "unique_id": "AROASJ63S7OEAHXLELGFO"
          },
          "sensitive_attributes": [],
          "private": "bnVsbA=="
        }
      ]
    },
    {
      "mode": "managed",
      "type": "aws_iam_role_policy",
      "name": "apiGateway_policy",
      "provider": "provider[\"registry.terraform.io/hashicorp/aws\"]",
      "instances": [
        {
          "schema_version": 0,
          "attributes": {
            "id": "myrole:apiGateway_policy",
            "name": "apiGateway_policy",
            "name_prefix": null,
            "policy": "{\n  \"Version\": \"2012-10-17\",\n  \"Statement\":[{\n    \"Effect\": \"Allow\",\n    \"Action\": [\n      \"dynamodb:PutItem\"\n    ],\n    \"Resource\": \"arn:aws:dynamodb:us-east-1:158837439368:table/myDB\"\n   }\n  ]\n}\n",
            "role": "myrole"
          },
          "sensitive_attributes": [],
          "private": "bnVsbA==",
          "dependencies": [
            "aws_iam_role.role_for_APIG",
            "data.aws_caller_identity.current"
          ]
        }
      ]
    }
  ]
}
